// !$*UTF8*$!
{
	archiveVersion = 1;
	classes = {
	};
	objectVersion = 70;
	objects = {

/* Begin PBXBuildFile section */
		D70DCE972DFC5C4D009183A8 /* UltimatePortfolio.xctestplan in Resources */ = {isa = PBXBuildFile; fileRef = D70DCE942DFC5C4D009183A8 /* UltimatePortfolio.xctestplan */; };
		D70DCE982DFC5C4D009183A8 /* AssetTests.swift in Sources */ = {isa = PBXBuildFile; fileRef = D70DCE912DFC5C4D009183A8 /* AssetTests.swift */; };
		D70DCE992DFC5C4D009183A8 /* AwardsTest.swift in Sources */ = {isa = PBXBuildFile; fileRef = D70DCE922DFC5C4D009183A8 /* AwardsTest.swift */; };
		D70DCE9A2DFC5C4D009183A8 /* TagTests.swift in Sources */ = {isa = PBXBuildFile; fileRef = D70DCE932DFC5C4D009183A8 /* TagTests.swift */; };
		D70DCE9B2DFC5C4D009183A8 /* UltimatePortfolioTests.swift in Sources */ = {isa = PBXBuildFile; fileRef = D70DCE952DFC5C4D009183A8 /* UltimatePortfolioTests.swift */; };
		D714E3062E002B4800EB8809 /* ExtensionTests.swift in Sources */ = {isa = PBXBuildFile; fileRef = D714E3052E002B4800EB8809 /* ExtensionTests.swift */; };
		D714E3092E003F6000EB8809 /* DecodableDictionary.json in Resources */ = {isa = PBXBuildFile; fileRef = D714E3082E003F6000EB8809 /* DecodableDictionary.json */; };
		D714E30B2E003FE700EB8809 /* DecodableString.json in Resources */ = {isa = PBXBuildFile; fileRef = D714E30A2E003FE700EB8809 /* DecodableString.json */; };
		D73A5C192DF99D0E007BE703 /* README.md in Resources */ = {isa = PBXBuildFile; fileRef = D73A5C182DF99D0E007BE703 /* README.md */; };
		D73E62862E054AD200AF4383 /* ContentViewModel.swift in Sources */ = {isa = PBXBuildFile; fileRef = D73E62852E054AD200AF4383 /* ContentViewModel.swift */; };
		D73E62882E054F7E00AF4383 /* IssueRowViewModel.swift in Sources */ = {isa = PBXBuildFile; fileRef = D73E62872E054F7E00AF4383 /* IssueRowViewModel.swift */; };
		D779DC6A2E01844E0073DFA4 /* PerformanceTests.swift in Sources */ = {isa = PBXBuildFile; fileRef = D779DC692E01844E0073DFA4 /* PerformanceTests.swift */; };
		D78D0AF42E0EB66E0056F02E /* DataController-Notifications.swift in Sources */ = {isa = PBXBuildFile; fileRef = D78D0AF32E0EB66E0056F02E /* DataController-Notifications.swift */; };
		D79563FD2DFD8248005FE487 /* DevelopmentTests.swift in Sources */ = {isa = PBXBuildFile; fileRef = D79563FC2DFD8248005FE487 /* DevelopmentTests.swift */; };
		D7BCAF7F2E0431F80054D6B3 /* SidebarViewModel.swift in Sources */ = {isa = PBXBuildFile; fileRef = D7BCAF7E2E0431F80054D6B3 /* SidebarViewModel.swift */; };
		D7E1A3D72DF98B95001EEA27 /* Awards.json in Resources */ = {isa = PBXBuildFile; fileRef = D7E1A3B12DF98B95001EEA27 /* Awards.json */; };
		D7E1A3D82DF98B95001EEA27 /* Colors.xcassets in Resources */ = {isa = PBXBuildFile; fileRef = D7E1A3B22DF98B95001EEA27 /* Colors.xcassets */; };
		D7E1A3D92DF98B95001EEA27 /* Assets.xcassets in Resources */ = {isa = PBXBuildFile; fileRef = D7E1A3C52DF98B95001EEA27 /* Assets.xcassets */; };
		D7E1A3DB2DF98B95001EEA27 /* Localizable.strings in Resources */ = {isa = PBXBuildFile; fileRef = D7E1A3CD2DF98B95001EEA27 /* Localizable.strings */; };
		D7E1A3DC2DF98B95001EEA27 /* Localizable.stringsdict in Resources */ = {isa = PBXBuildFile; fileRef = D7E1A3D02DF98B95001EEA27 /* Localizable.stringsdict */; };
		D7E1A3DE2DF98B95001EEA27 /* Bundle-Decodable.swift in Sources */ = {isa = PBXBuildFile; fileRef = D7E1A3B42DF98B95001EEA27 /* Bundle-Decodable.swift */; };
		D7E1A3DF2DF98B95001EEA27 /* Issue-CoreDataHelpers.swift in Sources */ = {isa = PBXBuildFile; fileRef = D7E1A3B52DF98B95001EEA27 /* Issue-CoreDataHelpers.swift */; };
		D7E1A3E02DF98B95001EEA27 /* Tag-CoreDataHelpers.swift in Sources */ = {isa = PBXBuildFile; fileRef = D7E1A3B62DF98B95001EEA27 /* Tag-CoreDataHelpers.swift */; };
		D7E1A3E12DF98B95001EEA27 /* AwardsView.swift in Sources */ = {isa = PBXBuildFile; fileRef = D7E1A3B82DF98B95001EEA27 /* AwardsView.swift */; };
		D7E1A3E22DF98B95001EEA27 /* ContentView.swift in Sources */ = {isa = PBXBuildFile; fileRef = D7E1A3B92DF98B95001EEA27 /* ContentView.swift */; };
		D7E1A3E32DF98B95001EEA27 /* ContentViewToolbar.swift in Sources */ = {isa = PBXBuildFile; fileRef = D7E1A3BA2DF98B95001EEA27 /* ContentViewToolbar.swift */; };
		D7E1A3E42DF98B95001EEA27 /* DetailView.swift in Sources */ = {isa = PBXBuildFile; fileRef = D7E1A3BB2DF98B95001EEA27 /* DetailView.swift */; };
		D7E1A3E52DF98B95001EEA27 /* IssueView.swift in Sources */ = {isa = PBXBuildFile; fileRef = D7E1A3BC2DF98B95001EEA27 /* IssueView.swift */; };
		D7E1A3E62DF98B95001EEA27 /* IssueViewToolbar.swift in Sources */ = {isa = PBXBuildFile; fileRef = D7E1A3BD2DF98B95001EEA27 /* IssueViewToolbar.swift */; };
		D7E1A3E72DF98B95001EEA27 /* NoIssueView.swift in Sources */ = {isa = PBXBuildFile; fileRef = D7E1A3BE2DF98B95001EEA27 /* NoIssueView.swift */; };
		D7E1A3E82DF98B95001EEA27 /* SidebarView.swift in Sources */ = {isa = PBXBuildFile; fileRef = D7E1A3BF2DF98B95001EEA27 /* SidebarView.swift */; };
		D7E1A3E92DF98B95001EEA27 /* SidebarViewToolbar.swift in Sources */ = {isa = PBXBuildFile; fileRef = D7E1A3C02DF98B95001EEA27 /* SidebarViewToolbar.swift */; };
		D7E1A3EA2DF98B95001EEA27 /* SmartFilterRow.swift in Sources */ = {isa = PBXBuildFile; fileRef = D7E1A3C12DF98B95001EEA27 /* SmartFilterRow.swift */; };
		D7E1A3EB2DF98B95001EEA27 /* TagsMenuView.swift in Sources */ = {isa = PBXBuildFile; fileRef = D7E1A3C22DF98B95001EEA27 /* TagsMenuView.swift */; };
		D7E1A3EC2DF98B95001EEA27 /* UserFilterRow.swift in Sources */ = {isa = PBXBuildFile; fileRef = D7E1A3C32DF98B95001EEA27 /* UserFilterRow.swift */; };
		D7E1A3ED2DF98B95001EEA27 /* Award.swift in Sources */ = {isa = PBXBuildFile; fileRef = D7E1A3C62DF98B95001EEA27 /* Award.swift */; };
		D7E1A3EE2DF98B95001EEA27 /* DataController.swift in Sources */ = {isa = PBXBuildFile; fileRef = D7E1A3C72DF98B95001EEA27 /* DataController.swift */; };
		D7E1A3EF2DF98B95001EEA27 /* Filter.swift in Sources */ = {isa = PBXBuildFile; fileRef = D7E1A3C82DF98B95001EEA27 /* Filter.swift */; };
		D7E1A3F02DF98B95001EEA27 /* IssueRow.swift in Sources */ = {isa = PBXBuildFile; fileRef = D7E1A3CA2DF98B95001EEA27 /* IssueRow.swift */; };
		D7E1A3F12DF98B95001EEA27 /* Model.xcdatamodeld in Sources */ = {isa = PBXBuildFile; fileRef = D7E1A3D12DF98B95001EEA27 /* Model.xcdatamodeld */; };
		D7E1A3F22DF98B95001EEA27 /* UltimatePortfolioApp.swift in Sources */ = {isa = PBXBuildFile; fileRef = D7E1A3D42DF98B95001EEA27 /* UltimatePortfolioApp.swift */; };
		D7E1A3F32DF98B95001EEA27 /* Awards.json in Resources */ = {isa = PBXBuildFile; fileRef = D7E1A3B12DF98B95001EEA27 /* Awards.json */; };
		D7E1A3F42DF98B95001EEA27 /* Colors.xcassets in Resources */ = {isa = PBXBuildFile; fileRef = D7E1A3B22DF98B95001EEA27 /* Colors.xcassets */; };
		D7E1A3F52DF98B95001EEA27 /* Assets.xcassets in Resources */ = {isa = PBXBuildFile; fileRef = D7E1A3C52DF98B95001EEA27 /* Assets.xcassets */; };
		D7E1A4242DF98B95001EEA27 /* Awards.json in Resources */ = {isa = PBXBuildFile; fileRef = D7E1A3B12DF98B95001EEA27 /* Awards.json */; };
		D7E1A4252DF98B95001EEA27 /* Colors.xcassets in Resources */ = {isa = PBXBuildFile; fileRef = D7E1A3B22DF98B95001EEA27 /* Colors.xcassets */; };
		D7E1A4262DF98B95001EEA27 /* Assets.xcassets in Resources */ = {isa = PBXBuildFile; fileRef = D7E1A3C52DF98B95001EEA27 /* Assets.xcassets */; };
/* End PBXBuildFile section */

/* Begin PBXContainerItemProxy section */
		D792285E2DFAD9F500BCD623 /* PBXContainerItemProxy */ = {
			isa = PBXContainerItemProxy;
			containerPortal = D7A3A30F2DBBB02400B3ACC3 /* Project object */;
			proxyType = 1;
			remoteGlobalIDString = D7A3A3162DBBB02400B3ACC3;
			remoteInfo = UltimatePortfolio;
		};
		D7CCD22B2E02CDD7004B081E /* PBXContainerItemProxy */ = {
			isa = PBXContainerItemProxy;
			containerPortal = D7A3A30F2DBBB02400B3ACC3 /* Project object */;
			proxyType = 1;
			remoteGlobalIDString = D7A3A3162DBBB02400B3ACC3;
			remoteInfo = UltimatePortfolio;
		};
/* End PBXContainerItemProxy section */

/* Begin PBXFileReference section */
		D70508D12DD786AC004E51F8 /* swiftlint lint.app */ = {isa = PBXFileReference; explicitFileType = wrapper.application; includeInIndex = 0; path = "swiftlint lint.app"; sourceTree = BUILT_PRODUCTS_DIR; };
		D70508DC2DD786B8004E51F8 /* swiftlint lint --fix.app */ = {isa = PBXFileReference; explicitFileType = wrapper.application; includeInIndex = 0; path = "swiftlint lint --fix.app"; sourceTree = BUILT_PRODUCTS_DIR; };
		D70712612E09616C0082602E /* Bemerkungen zur Lokalisierung.md */ = {isa = PBXFileReference; lastKnownFileType = net.daringfireball.markdown; path = "Bemerkungen zur Lokalisierung.md"; sourceTree = "<group>"; };
		D70DCE912DFC5C4D009183A8 /* AssetTests.swift */ = {isa = PBXFileReference; lastKnownFileType = sourcecode.swift; path = AssetTests.swift; sourceTree = "<group>"; };
		D70DCE922DFC5C4D009183A8 /* AwardsTest.swift */ = {isa = PBXFileReference; lastKnownFileType = sourcecode.swift; path = AwardsTest.swift; sourceTree = "<group>"; };
		D70DCE932DFC5C4D009183A8 /* TagTests.swift */ = {isa = PBXFileReference; lastKnownFileType = sourcecode.swift; path = TagTests.swift; sourceTree = "<group>"; };
		D70DCE942DFC5C4D009183A8 /* UltimatePortfolio.xctestplan */ = {isa = PBXFileReference; lastKnownFileType = text; path = UltimatePortfolio.xctestplan; sourceTree = "<group>"; };
		D70DCE952DFC5C4D009183A8 /* UltimatePortfolioTests.swift */ = {isa = PBXFileReference; lastKnownFileType = sourcecode.swift; path = UltimatePortfolioTests.swift; sourceTree = "<group>"; };
		D714E3052E002B4800EB8809 /* ExtensionTests.swift */ = {isa = PBXFileReference; lastKnownFileType = sourcecode.swift; path = ExtensionTests.swift; sourceTree = "<group>"; };
		D714E3082E003F6000EB8809 /* DecodableDictionary.json */ = {isa = PBXFileReference; lastKnownFileType = text.json; path = DecodableDictionary.json; sourceTree = "<group>"; };
		D714E30A2E003FE700EB8809 /* DecodableString.json */ = {isa = PBXFileReference; lastKnownFileType = text.json; path = DecodableString.json; sourceTree = "<group>"; };
		D73A5C182DF99D0E007BE703 /* README.md */ = {isa = PBXFileReference; lastKnownFileType = net.daringfireball.markdown; path = README.md; sourceTree = SOURCE_ROOT; };
		D73E62852E054AD200AF4383 /* ContentViewModel.swift */ = {isa = PBXFileReference; lastKnownFileType = sourcecode.swift; path = ContentViewModel.swift; sourceTree = "<group>"; };
		D73E62872E054F7E00AF4383 /* IssueRowViewModel.swift */ = {isa = PBXFileReference; lastKnownFileType = sourcecode.swift; path = IssueRowViewModel.swift; sourceTree = "<group>"; };
		D779DC692E01844E0073DFA4 /* PerformanceTests.swift */ = {isa = PBXFileReference; lastKnownFileType = sourcecode.swift; path = PerformanceTests.swift; sourceTree = "<group>"; };
		D78D0AF32E0EB66E0056F02E /* DataController-Notifications.swift */ = {isa = PBXFileReference; lastKnownFileType = sourcecode.swift; path = "DataController-Notifications.swift"; sourceTree = "<group>"; };
		D792285A2DFAD9F500BCD623 /* UltimatePortfolioTests.xctest */ = {isa = PBXFileReference; explicitFileType = wrapper.cfbundle; includeInIndex = 0; path = UltimatePortfolioTests.xctest; sourceTree = BUILT_PRODUCTS_DIR; };
		D79563FC2DFD8248005FE487 /* DevelopmentTests.swift */ = {isa = PBXFileReference; lastKnownFileType = sourcecode.swift; path = DevelopmentTests.swift; sourceTree = "<group>"; };
		D7A3A3172DBBB02400B3ACC3 /* UltimatePortfolio.app */ = {isa = PBXFileReference; explicitFileType = wrapper.application; includeInIndex = 0; path = UltimatePortfolio.app; sourceTree = BUILT_PRODUCTS_DIR; };
		D7BCAF7E2E0431F80054D6B3 /* SidebarViewModel.swift */ = {isa = PBXFileReference; lastKnownFileType = sourcecode.swift; path = SidebarViewModel.swift; sourceTree = "<group>"; };
		D7CCD2252E02CDD7004B081E /* UltimatePortfolioUITests.xctest */ = {isa = PBXFileReference; explicitFileType = wrapper.cfbundle; includeInIndex = 0; path = UltimatePortfolioUITests.xctest; sourceTree = BUILT_PRODUCTS_DIR; };
		D7E1A3AF2DF98B95001EEA27 /* en */ = {isa = PBXFileReference; lastKnownFileType = text.json; name = en; path = en.lproj/Awards.json; sourceTree = "<group>"; };
		D7E1A3B02DF98B95001EEA27 /* hu */ = {isa = PBXFileReference; lastKnownFileType = text.json; name = hu; path = hu.lproj/Awards.json; sourceTree = "<group>"; };
		D7E1A3B22DF98B95001EEA27 /* Colors.xcassets */ = {isa = PBXFileReference; lastKnownFileType = folder.assetcatalog; path = Colors.xcassets; sourceTree = "<group>"; };
		D7E1A3B42DF98B95001EEA27 /* Bundle-Decodable.swift */ = {isa = PBXFileReference; lastKnownFileType = sourcecode.swift; path = "Bundle-Decodable.swift"; sourceTree = "<group>"; };
		D7E1A3B52DF98B95001EEA27 /* Issue-CoreDataHelpers.swift */ = {isa = PBXFileReference; lastKnownFileType = sourcecode.swift; path = "Issue-CoreDataHelpers.swift"; sourceTree = "<group>"; };
		D7E1A3B62DF98B95001EEA27 /* Tag-CoreDataHelpers.swift */ = {isa = PBXFileReference; lastKnownFileType = sourcecode.swift; path = "Tag-CoreDataHelpers.swift"; sourceTree = "<group>"; };
		D7E1A3B82DF98B95001EEA27 /* AwardsView.swift */ = {isa = PBXFileReference; lastKnownFileType = sourcecode.swift; path = AwardsView.swift; sourceTree = "<group>"; };
		D7E1A3B92DF98B95001EEA27 /* ContentView.swift */ = {isa = PBXFileReference; lastKnownFileType = sourcecode.swift; path = ContentView.swift; sourceTree = "<group>"; };
		D7E1A3BA2DF98B95001EEA27 /* ContentViewToolbar.swift */ = {isa = PBXFileReference; lastKnownFileType = sourcecode.swift; path = ContentViewToolbar.swift; sourceTree = "<group>"; };
		D7E1A3BB2DF98B95001EEA27 /* DetailView.swift */ = {isa = PBXFileReference; lastKnownFileType = sourcecode.swift; path = DetailView.swift; sourceTree = "<group>"; };
		D7E1A3BC2DF98B95001EEA27 /* IssueView.swift */ = {isa = PBXFileReference; lastKnownFileType = sourcecode.swift; path = IssueView.swift; sourceTree = "<group>"; };
		D7E1A3BD2DF98B95001EEA27 /* IssueViewToolbar.swift */ = {isa = PBXFileReference; lastKnownFileType = sourcecode.swift; path = IssueViewToolbar.swift; sourceTree = "<group>"; };
		D7E1A3BE2DF98B95001EEA27 /* NoIssueView.swift */ = {isa = PBXFileReference; lastKnownFileType = sourcecode.swift; path = NoIssueView.swift; sourceTree = "<group>"; };
		D7E1A3BF2DF98B95001EEA27 /* SidebarView.swift */ = {isa = PBXFileReference; lastKnownFileType = sourcecode.swift; path = SidebarView.swift; sourceTree = "<group>"; };
		D7E1A3C02DF98B95001EEA27 /* SidebarViewToolbar.swift */ = {isa = PBXFileReference; lastKnownFileType = sourcecode.swift; path = SidebarViewToolbar.swift; sourceTree = "<group>"; };
		D7E1A3C12DF98B95001EEA27 /* SmartFilterRow.swift */ = {isa = PBXFileReference; lastKnownFileType = sourcecode.swift; path = SmartFilterRow.swift; sourceTree = "<group>"; };
		D7E1A3C22DF98B95001EEA27 /* TagsMenuView.swift */ = {isa = PBXFileReference; lastKnownFileType = sourcecode.swift; path = TagsMenuView.swift; sourceTree = "<group>"; };
		D7E1A3C32DF98B95001EEA27 /* UserFilterRow.swift */ = {isa = PBXFileReference; lastKnownFileType = sourcecode.swift; path = UserFilterRow.swift; sourceTree = "<group>"; };
		D7E1A3C52DF98B95001EEA27 /* Assets.xcassets */ = {isa = PBXFileReference; lastKnownFileType = folder.assetcatalog; path = Assets.xcassets; sourceTree = "<group>"; };
		D7E1A3C62DF98B95001EEA27 /* Award.swift */ = {isa = PBXFileReference; lastKnownFileType = sourcecode.swift; path = Award.swift; sourceTree = "<group>"; };
		D7E1A3C72DF98B95001EEA27 /* DataController.swift */ = {isa = PBXFileReference; lastKnownFileType = sourcecode.swift; path = DataController.swift; sourceTree = "<group>"; };
		D7E1A3C82DF98B95001EEA27 /* Filter.swift */ = {isa = PBXFileReference; lastKnownFileType = sourcecode.swift; path = Filter.swift; sourceTree = "<group>"; };
		D7E1A3C92DF98B95001EEA27 /* Info.plist */ = {isa = PBXFileReference; lastKnownFileType = text.plist.xml; path = Info.plist; sourceTree = "<group>"; };
		D7E1A3CA2DF98B95001EEA27 /* IssueRow.swift */ = {isa = PBXFileReference; lastKnownFileType = sourcecode.swift; path = IssueRow.swift; sourceTree = "<group>"; };
		D7E1A3CB2DF98B95001EEA27 /* en */ = {isa = PBXFileReference; lastKnownFileType = text.plist.strings; name = en; path = en.lproj/Localizable.strings; sourceTree = "<group>"; };
		D7E1A3CC2DF98B95001EEA27 /* hu */ = {isa = PBXFileReference; lastKnownFileType = text.plist.strings; name = hu; path = hu.lproj/Localizable.strings; sourceTree = "<group>"; };
		D7E1A3CE2DF98B95001EEA27 /* en */ = {isa = PBXFileReference; lastKnownFileType = text.plist.stringsdict; name = en; path = en.lproj/Localizable.stringsdict; sourceTree = "<group>"; };
		D7E1A3CF2DF98B95001EEA27 /* hu */ = {isa = PBXFileReference; lastKnownFileType = text.plist.stringsdict; name = hu; path = hu.lproj/Localizable.stringsdict; sourceTree = "<group>"; };
		D7E1A3D32DF98B95001EEA27 /* UltimatePortfolio.entitlements */ = {isa = PBXFileReference; lastKnownFileType = text.plist.entitlements; path = UltimatePortfolio.entitlements; sourceTree = "<group>"; };
		D7E1A3D42DF98B95001EEA27 /* UltimatePortfolioApp.swift */ = {isa = PBXFileReference; lastKnownFileType = sourcecode.swift; path = UltimatePortfolioApp.swift; sourceTree = "<group>"; };
		D7E1A3D62DF98B95001EEA27 /* Model.xcdatamodel */ = {isa = PBXFileReference; lastKnownFileType = wrapper.xcdatamodel; path = Model.xcdatamodel; sourceTree = "<group>"; };
/* End PBXFileReference section */

/* Begin PBXFileSystemSynchronizedRootGroup section */
		D7CCD2262E02CDD7004B081E /* UltimatePortfolioUITests */ = {isa = PBXFileSystemSynchronizedRootGroup; explicitFileTypes = {}; explicitFolders = (); path = UltimatePortfolioUITests; sourceTree = "<group>"; };
/* End PBXFileSystemSynchronizedRootGroup section */

/* Begin PBXFrameworksBuildPhase section */
		D70508CC2DD786AC004E51F8 /* Frameworks */ = {
			isa = PBXFrameworksBuildPhase;
			buildActionMask = 2147483647;
			files = (
			);
			runOnlyForDeploymentPostprocessing = 0;
		};
		D70508D72DD786B8004E51F8 /* Frameworks */ = {
			isa = PBXFrameworksBuildPhase;
			buildActionMask = 2147483647;
			files = (
			);
			runOnlyForDeploymentPostprocessing = 0;
		};
		D79228572DFAD9F500BCD623 /* Frameworks */ = {
			isa = PBXFrameworksBuildPhase;
			buildActionMask = 2147483647;
			files = (
			);
			runOnlyForDeploymentPostprocessing = 0;
		};
		D7A3A3142DBBB02400B3ACC3 /* Frameworks */ = {
			isa = PBXFrameworksBuildPhase;
			buildActionMask = 2147483647;
			files = (
			);
			runOnlyForDeploymentPostprocessing = 0;
		};
		D7CCD2222E02CDD7004B081E /* Frameworks */ = {
			isa = PBXFrameworksBuildPhase;
			buildActionMask = 2147483647;
			files = (
			);
			runOnlyForDeploymentPostprocessing = 0;
		};
/* End PBXFrameworksBuildPhase section */

/* Begin PBXGroup section */
		D70DCE962DFC5C4D009183A8 /* UltimatePortfolioTests */ = {
			isa = PBXGroup;
			children = (
				D714E3072E003F2C00EB8809 /* Fixtures */,
				D70DCE942DFC5C4D009183A8 /* UltimatePortfolio.xctestplan */,
				D70DCE952DFC5C4D009183A8 /* UltimatePortfolioTests.swift */,
				D70DCE912DFC5C4D009183A8 /* AssetTests.swift */,
				D70DCE922DFC5C4D009183A8 /* AwardsTest.swift */,
				D70DCE932DFC5C4D009183A8 /* TagTests.swift */,
				D79563FC2DFD8248005FE487 /* DevelopmentTests.swift */,
				D714E3052E002B4800EB8809 /* ExtensionTests.swift */,
				D779DC692E01844E0073DFA4 /* PerformanceTests.swift */,
			);
			path = UltimatePortfolioTests;
			sourceTree = "<group>";
		};
		D714E3072E003F2C00EB8809 /* Fixtures */ = {
			isa = PBXGroup;
			children = (
				D714E3082E003F6000EB8809 /* DecodableDictionary.json */,
				D714E30A2E003FE700EB8809 /* DecodableString.json */,
			);
			path = Fixtures;
			sourceTree = "<group>";
		};
		D73A5C132DF98DA4007BE703 /* Configuration */ = {
			isa = PBXGroup;
			children = (
				D7E1A3C92DF98B95001EEA27 /* Info.plist */,
				D7E1A3D12DF98B95001EEA27 /* Model.xcdatamodeld */,
				D7E1A3D32DF98B95001EEA27 /* UltimatePortfolio.entitlements */,
			);
			path = Configuration;
			sourceTree = "<group>";
		};
		D73A5C142DF99318007BE703 /* Filters */ = {
			isa = PBXGroup;
			children = (
				D7E1A3C82DF98B95001EEA27 /* Filter.swift */,
				D7E1A3BF2DF98B95001EEA27 /* SidebarView.swift */,
				D7BCAF7E2E0431F80054D6B3 /* SidebarViewModel.swift */,
				D7E1A3C02DF98B95001EEA27 /* SidebarViewToolbar.swift */,
				D7E1A3C12DF98B95001EEA27 /* SmartFilterRow.swift */,
				D7E1A3C32DF98B95001EEA27 /* UserFilterRow.swift */,
			);
			path = Filters;
			sourceTree = "<group>";
		};
		D73A5C152DF99321007BE703 /* Issues */ = {
			isa = PBXGroup;
			children = (
				D7E1A3B92DF98B95001EEA27 /* ContentView.swift */,
				D73E62852E054AD200AF4383 /* ContentViewModel.swift */,
				D7E1A3BA2DF98B95001EEA27 /* ContentViewToolbar.swift */,
				D7E1A3CA2DF98B95001EEA27 /* IssueRow.swift */,
				D73E62872E054F7E00AF4383 /* IssueRowViewModel.swift */,
			);
			path = Issues;
			sourceTree = "<group>";
		};
		D73A5C162DF9932F007BE703 /* Editing */ = {
			isa = PBXGroup;
			children = (
				D7E1A3BB2DF98B95001EEA27 /* DetailView.swift */,
				D7E1A3BC2DF98B95001EEA27 /* IssueView.swift */,
				D7E1A3BD2DF98B95001EEA27 /* IssueViewToolbar.swift */,
				D7E1A3BE2DF98B95001EEA27 /* NoIssueView.swift */,
				D7E1A3C22DF98B95001EEA27 /* TagsMenuView.swift */,
			);
			path = Editing;
			sourceTree = "<group>";
		};
		D73A5C172DF9933F007BE703 /* Awards */ = {
			isa = PBXGroup;
			children = (
				D7E1A3C62DF98B95001EEA27 /* Award.swift */,
				D7E1A3B82DF98B95001EEA27 /* AwardsView.swift */,
				D7E1A3B12DF98B95001EEA27 /* Awards.json */,
			);
			path = Awards;
			sourceTree = "<group>";
		};
		D7A3A30E2DBBB02400B3ACC3 = {
			isa = PBXGroup;
			children = (
				D7E1A3D52DF98B95001EEA27 /* UltimatePortfolio */,
				D70DCE962DFC5C4D009183A8 /* UltimatePortfolioTests */,
				D7CCD2262E02CDD7004B081E /* UltimatePortfolioUITests */,
				D7A3A3182DBBB02400B3ACC3 /* Products */,
			);
			sourceTree = "<group>";
		};
		D7A3A3182DBBB02400B3ACC3 /* Products */ = {
			isa = PBXGroup;
			children = (
				D7A3A3172DBBB02400B3ACC3 /* UltimatePortfolio.app */,
				D70508D12DD786AC004E51F8 /* swiftlint lint.app */,
				D70508DC2DD786B8004E51F8 /* swiftlint lint --fix.app */,
				D792285A2DFAD9F500BCD623 /* UltimatePortfolioTests.xctest */,
				D7CCD2252E02CDD7004B081E /* UltimatePortfolioUITests.xctest */,
			);
			name = Products;
			sourceTree = "<group>";
		};
		D7E1A3B72DF98B95001EEA27 /* Extensions */ = {
			isa = PBXGroup;
			children = (
				D7E1A3B42DF98B95001EEA27 /* Bundle-Decodable.swift */,
				D7E1A3B52DF98B95001EEA27 /* Issue-CoreDataHelpers.swift */,
				D7E1A3B62DF98B95001EEA27 /* Tag-CoreDataHelpers.swift */,
				D78D0AF32E0EB66E0056F02E /* DataController-Notifications.swift */,
			);
			path = Extensions;
			sourceTree = "<group>";
		};
		D7E1A3D52DF98B95001EEA27 /* UltimatePortfolio */ = {
			isa = PBXGroup;
			children = (
				D73A5C142DF99318007BE703 /* Filters */,
				D73A5C152DF99321007BE703 /* Issues */,
				D73A5C162DF9932F007BE703 /* Editing */,
				D73A5C172DF9933F007BE703 /* Awards */,
				D7E1A3B72DF98B95001EEA27 /* Extensions */,
				D7E1A42D2DF98CA7001EEA27 /* Localization */,
				D73A5C132DF98DA4007BE703 /* Configuration */,
				D7E1A3D42DF98B95001EEA27 /* UltimatePortfolioApp.swift */,
				D7E1A3C72DF98B95001EEA27 /* DataController.swift */,
				D7E1A3B22DF98B95001EEA27 /* Colors.xcassets */,
				D7E1A3C52DF98B95001EEA27 /* Assets.xcassets */,
				D73A5C182DF99D0E007BE703 /* README.md */,
			);
			path = UltimatePortfolio;
			sourceTree = "<group>";
		};
		D7E1A42D2DF98CA7001EEA27 /* Localization */ = {
			isa = PBXGroup;
			children = (
				D70712612E09616C0082602E /* Bemerkungen zur Lokalisierung.md */,
				D7E1A3CD2DF98B95001EEA27 /* Localizable.strings */,
				D7E1A3D02DF98B95001EEA27 /* Localizable.stringsdict */,
			);
			path = Localization;
			sourceTree = "<group>";
		};
/* End PBXGroup section */

/* Begin PBXNativeTarget section */
		D70508C92DD786AC004E51F8 /* swiftlint lint */ = {
			isa = PBXNativeTarget;
			buildConfigurationList = D70508CE2DD786AC004E51F8 /* Build configuration list for PBXNativeTarget "swiftlint lint" */;
			buildPhases = (
				D7A36E9A2DD791AD00C4CDD5 /* TODO MARKER Script */,
				D70508CA2DD786AC004E51F8 /* SwiftLint Check */,
				D70508CB2DD786AC004E51F8 /* Sources */,
				D70508CC2DD786AC004E51F8 /* Frameworks */,
				D70508CD2DD786AC004E51F8 /* Resources */,
			);
			buildRules = (
			);
			dependencies = (
			);
			name = "swiftlint lint";
			packageProductDependencies = (
			);
			productName = UltimatePortfolio;
			productReference = D70508D12DD786AC004E51F8 /* swiftlint lint.app */;
			productType = "com.apple.product-type.application";
		};
		D70508D42DD786B8004E51F8 /* swiftlint lint --fix */ = {
			isa = PBXNativeTarget;
			buildConfigurationList = D70508D92DD786B8004E51F8 /* Build configuration list for PBXNativeTarget "swiftlint lint --fix" */;
			buildPhases = (
				D7A36E9B2DD791B900C4CDD5 /* TODO MARKER Script */,
				D70508D52DD786B8004E51F8 /* SwiftLint Check */,
				D70508D62DD786B8004E51F8 /* Sources */,
				D70508D72DD786B8004E51F8 /* Frameworks */,
				D70508D82DD786B8004E51F8 /* Resources */,
			);
			buildRules = (
			);
			dependencies = (
			);
			name = "swiftlint lint --fix";
			packageProductDependencies = (
			);
			productName = UltimatePortfolio;
			productReference = D70508DC2DD786B8004E51F8 /* swiftlint lint --fix.app */;
			productType = "com.apple.product-type.application";
		};
		D79228592DFAD9F500BCD623 /* UltimatePortfolioTests */ = {
			isa = PBXNativeTarget;
			buildConfigurationList = D79228622DFAD9F500BCD623 /* Build configuration list for PBXNativeTarget "UltimatePortfolioTests" */;
			buildPhases = (
				D79228562DFAD9F500BCD623 /* Sources */,
				D79228572DFAD9F500BCD623 /* Frameworks */,
				D79228582DFAD9F500BCD623 /* Resources */,
			);
			buildRules = (
			);
			dependencies = (
				D792285F2DFAD9F500BCD623 /* PBXTargetDependency */,
			);
			name = UltimatePortfolioTests;
			packageProductDependencies = (
			);
			productName = UltimatePortfolioTests;
			productReference = D792285A2DFAD9F500BCD623 /* UltimatePortfolioTests.xctest */;
			productType = "com.apple.product-type.bundle.unit-test";
		};
		D7A3A3162DBBB02400B3ACC3 /* UltimatePortfolio */ = {
			isa = PBXNativeTarget;
			buildConfigurationList = D7A3A3232DBBB02600B3ACC3 /* Build configuration list for PBXNativeTarget "UltimatePortfolio" */;
			buildPhases = (
				D743FB162DD78EC300FE00F0 /* TODO MARKER Script */,
				D76F0CBB2DD76105007C73BF /* SwiftLint Check */,
				D7A3A3132DBBB02400B3ACC3 /* Sources */,
				D7A3A3142DBBB02400B3ACC3 /* Frameworks */,
				D7A3A3152DBBB02400B3ACC3 /* Resources */,
			);
			buildRules = (
			);
			dependencies = (
			);
			name = UltimatePortfolio;
			packageProductDependencies = (
			);
			productName = UltimatePortfolio;
			productReference = D7A3A3172DBBB02400B3ACC3 /* UltimatePortfolio.app */;
			productType = "com.apple.product-type.application";
		};
		D7CCD2242E02CDD7004B081E /* UltimatePortfolioUITests */ = {
			isa = PBXNativeTarget;
			buildConfigurationList = D7CCD22F2E02CDD7004B081E /* Build configuration list for PBXNativeTarget "UltimatePortfolioUITests" */;
			buildPhases = (
				D7CCD2212E02CDD7004B081E /* Sources */,
				D7CCD2222E02CDD7004B081E /* Frameworks */,
				D7CCD2232E02CDD7004B081E /* Resources */,
			);
			buildRules = (
			);
			dependencies = (
				D7CCD22C2E02CDD7004B081E /* PBXTargetDependency */,
			);
			fileSystemSynchronizedGroups = (
				D7CCD2262E02CDD7004B081E /* UltimatePortfolioUITests */,
			);
			name = UltimatePortfolioUITests;
			packageProductDependencies = (
			);
			productName = UltimatePortfolioUITests;
			productReference = D7CCD2252E02CDD7004B081E /* UltimatePortfolioUITests.xctest */;
			productType = "com.apple.product-type.bundle.ui-testing";
		};
/* End PBXNativeTarget section */

/* Begin PBXProject section */
		D7A3A30F2DBBB02400B3ACC3 /* Project object */ = {
			isa = PBXProject;
			attributes = {
				BuildIndependentTargetsInParallel = 1;
				LastSwiftUpdateCheck = 1640;
				LastUpgradeCheck = 1640;
				TargetAttributes = {
					D79228592DFAD9F500BCD623 = {
						CreatedOnToolsVersion = 16.4;
						TestTargetID = D7A3A3162DBBB02400B3ACC3;
					};
					D7A3A3162DBBB02400B3ACC3 = {
						CreatedOnToolsVersion = 16.3;
					};
					D7CCD2242E02CDD7004B081E = {
						CreatedOnToolsVersion = 16.4;
						TestTargetID = D7A3A3162DBBB02400B3ACC3;
					};
				};
			};
			buildConfigurationList = D7A3A3122DBBB02400B3ACC3 /* Build configuration list for PBXProject "UltimatePortfolio" */;
			compatibilityVersion = "Xcode 14.0";
			developmentRegion = en;
			hasScannedForEncodings = 0;
			knownRegions = (
				en,
				Base,
				hu,
			);
			mainGroup = D7A3A30E2DBBB02400B3ACC3;
			productRefGroup = D7A3A3182DBBB02400B3ACC3 /* Products */;
			projectDirPath = "";
			projectRoot = "";
			targets = (
				D7A3A3162DBBB02400B3ACC3 /* UltimatePortfolio */,
				D70508C92DD786AC004E51F8 /* swiftlint lint */,
				D70508D42DD786B8004E51F8 /* swiftlint lint --fix */,
				D79228592DFAD9F500BCD623 /* UltimatePortfolioTests */,
				D7CCD2242E02CDD7004B081E /* UltimatePortfolioUITests */,
			);
		};
/* End PBXProject section */

/* Begin PBXResourcesBuildPhase section */
		D70508CD2DD786AC004E51F8 /* Resources */ = {
			isa = PBXResourcesBuildPhase;
			buildActionMask = 2147483647;
			files = (
				D7E1A3F32DF98B95001EEA27 /* Awards.json in Resources */,
				D7E1A3F42DF98B95001EEA27 /* Colors.xcassets in Resources */,
				D7E1A3F52DF98B95001EEA27 /* Assets.xcassets in Resources */,
			);
			runOnlyForDeploymentPostprocessing = 0;
		};
		D70508D82DD786B8004E51F8 /* Resources */ = {
			isa = PBXResourcesBuildPhase;
			buildActionMask = 2147483647;
			files = (
				D7E1A4242DF98B95001EEA27 /* Awards.json in Resources */,
				D7E1A4252DF98B95001EEA27 /* Colors.xcassets in Resources */,
				D7E1A4262DF98B95001EEA27 /* Assets.xcassets in Resources */,
			);
			runOnlyForDeploymentPostprocessing = 0;
		};
		D79228582DFAD9F500BCD623 /* Resources */ = {
			isa = PBXResourcesBuildPhase;
			buildActionMask = 2147483647;
			files = (
				D714E30B2E003FE700EB8809 /* DecodableString.json in Resources */,
				D70DCE972DFC5C4D009183A8 /* UltimatePortfolio.xctestplan in Resources */,
				D714E3092E003F6000EB8809 /* DecodableDictionary.json in Resources */,
			);
			runOnlyForDeploymentPostprocessing = 0;
		};
		D7A3A3152DBBB02400B3ACC3 /* Resources */ = {
			isa = PBXResourcesBuildPhase;
			buildActionMask = 2147483647;
			files = (
				D73A5C192DF99D0E007BE703 /* README.md in Resources */,
				D7E1A3D72DF98B95001EEA27 /* Awards.json in Resources */,
				D7E1A3D82DF98B95001EEA27 /* Colors.xcassets in Resources */,
				D7E1A3D92DF98B95001EEA27 /* Assets.xcassets in Resources */,
				D7E1A3DB2DF98B95001EEA27 /* Localizable.strings in Resources */,
				D7E1A3DC2DF98B95001EEA27 /* Localizable.stringsdict in Resources */,
			);
			runOnlyForDeploymentPostprocessing = 0;
		};
		D7CCD2232E02CDD7004B081E /* Resources */ = {
			isa = PBXResourcesBuildPhase;
			buildActionMask = 2147483647;
			files = (
			);
			runOnlyForDeploymentPostprocessing = 0;
		};
/* End PBXResourcesBuildPhase section */

/* Begin PBXShellScriptBuildPhase section */
		D70508CA2DD786AC004E51F8 /* SwiftLint Check */ = {
			isa = PBXShellScriptBuildPhase;
			alwaysOutOfDate = 1;
			buildActionMask = 2147483647;
			files = (
			);
			inputFileListPaths = (
			);
			inputPaths = (
			);
			name = "SwiftLint Check";
			outputFileListPaths = (
			);
			outputPaths = (
			);
			runOnlyForDeploymentPostprocessing = 0;
			shellPath = /bin/sh;
			shellScript = "echo \"🧹 SwiftLint: Starte Linting mit Style ✨\"\n\ncd \"${SRCROOT}\"\n    echo \"SRCROOT = ${SRCROOT}\"\n# Wenn auf ARM64 (M1/M2/M3 Mac), dann Homebrew Pfad setzen\nif [[ \"$(uname -m)\" == \"arm64\" ]]; then\n    export PATH=\"/opt/homebrew/bin:$PATH\"\nfi\n\nCONFIG_PATH=\"${SRCROOT}/.swiftlint.yml\"\n\n# Prüfe, ob SwiftLint installiert ist\nif ! command -v swiftlint >/dev/null 2>&1; then\n    echo \"⚠️ SwiftLint ist nicht installiert. Siehe: https://github.com/realm/SwiftLint#installation\"\n    exit 0\nfi\n\n# Prüfe, ob Konfiguration vorhanden und lesbar ist\nif [[ ! -f \"$CONFIG_PATH\" || ! -r \"$CONFIG_PATH\" ]]; then\n    echo \"⚠️  .swiftlint.yml fehlt oder ist nicht lesbar – es wird mit der Standardkonfiguration gearbeitet\"\n    swiftlint lint || exit 1\nelse\n    echo \"✅ .swiftlint.yml gefunden – Linting beginnt…\"\n    swiftlint lint --config \"$CONFIG_PATH\" || exit 1\nfi\n\necho \"🎉 SwiftLint abgeschlossen! Gutes Coden, du Zauberwesen 🧚‍♀️\"\n";
		};
		D70508D52DD786B8004E51F8 /* SwiftLint Check */ = {
			isa = PBXShellScriptBuildPhase;
			alwaysOutOfDate = 1;
			buildActionMask = 2147483647;
			files = (
			);
			inputFileListPaths = (
			);
			inputPaths = (
			);
			name = "SwiftLint Check";
			outputFileListPaths = (
			);
			outputPaths = (
			);
			runOnlyForDeploymentPostprocessing = 0;
			shellPath = /bin/sh;
			shellScript = "echo \"🧹 SwiftLint: Starte Linting mit Style ✨\"\n\ncd \"${SRCROOT}\"\n    echo \"SRCROOT = ${SRCROOT}\"\n# Wenn auf ARM64 (M1/M2/M3 Mac), dann Homebrew Pfad setzen\nif [[ \"$(uname -m)\" == \"arm64\" ]]; then\n    export PATH=\"/opt/homebrew/bin:$PATH\"\nfi\n\nCONFIG_PATH=\"${SRCROOT}/.swiftlint.yml\"\n\n# Prüfe, ob SwiftLint installiert ist\nif ! command -v swiftlint >/dev/null 2>&1; then\n    echo \"⚠️ SwiftLint ist nicht installiert. Siehe: https://github.com/realm/SwiftLint#installation\"\n    exit 0\nfi\n\n# Prüfe, ob Konfiguration vorhanden und lesbar ist\nif [[ ! -f \"$CONFIG_PATH\" || ! -r \"$CONFIG_PATH\" ]]; then\n    echo \"⚠️  .swiftlint.yml fehlt oder ist nicht lesbar – es wird mit der Standardkonfiguration gearbeitet\"\n    swiftlint lint --fix || exit 1\nelse\n    echo \"✅ .swiftlint.yml gefunden – Linting beginnt…\"\n    swiftlint lint --fix --config \"$CONFIG_PATH\" || exit 1\nfi\n\necho \"🎉 SwiftLint abgeschlossen! Gutes Coden, du Zauberwesen 🧚‍♀️\"\n";
		};
		D743FB162DD78EC300FE00F0 /* TODO MARKER Script */ = {
			isa = PBXShellScriptBuildPhase;
			alwaysOutOfDate = 1;
			buildActionMask = 2147483647;
			files = (
			);
			inputFileListPaths = (
			);
			inputPaths = (
			);
			name = "TODO MARKER Script";
			outputFileListPaths = (
			);
			outputPaths = (
			);
			runOnlyForDeploymentPostprocessing = 0;
			shellPath = /bin/sh;
			shellScript = "KEYWORDS=\"STUB:|WARNING:|TODO:|FIXME:|DevTeam:|\\?\\?\\?:\" \nfind \"${SRCROOT}\" \\( -name \"*.h\" -or -name \"*.m\" -or -name \"*.swift\" \\) -not -path \"${SRCROOT}/Pods/*\" -print0 | xargs -0 egrep --with-filename --line-number --only-matching \"($KEYWORDS).*\\$\" | perl -p -e \"s/($KEYWORDS)/1: warning: \\$1/\"\n\nKEYWORDS=\"ERROR:|XXX:|\\!\\!\\!:\" \nfind \"${SRCROOT}\" \\( -name \"*.h\" -or -name \"*.m\" -or -name \"*.swift\" \\) -not -path \"${SRCROOT}/Pods/*\" -print0 | xargs -0 egrep --with-filename --line-number --only-matching \"($KEYWORDS).*\\$\" | perl -p -e \"s/($KEYWORDS)/1: error: \\$1/\"\nERROR_OUTPUT=`find \"${SRCROOT}\" \\( -name \"*.h\" -or -name \"*.m\" -or -name \"*.swift\" \\) -not -path \"${SRCROOT}/Pods/*\" -print0 | xargs -0 egrep --with-filename --line-number --only-matching \"($KEYWORDS).*\\$\" | perl -p -e \"s/($KEYWORDS)/1: error: \\$1/\"`\n\nexit ${#ERROR_OUTPUT}\n";
		};
		D76F0CBB2DD76105007C73BF /* SwiftLint Check */ = {
			isa = PBXShellScriptBuildPhase;
			alwaysOutOfDate = 1;
			buildActionMask = 2147483647;
			files = (
			);
			inputFileListPaths = (
			);
			inputPaths = (
			);
			name = "SwiftLint Check";
			outputFileListPaths = (
			);
			outputPaths = (
			);
			runOnlyForDeploymentPostprocessing = 0;
			shellPath = /bin/sh;
			shellScript = "echo \"🧹 SwiftLint: Starte Linting mit Style ✨\"\n\ncd \"${SRCROOT}\"\n    echo \"SRCROOT = ${SRCROOT}\"\n# Wenn auf ARM64 (M1/M2/M3 Mac), dann Homebrew Pfad setzen\nif [[ \"$(uname -m)\" == \"arm64\" ]]; then\n    export PATH=\"/opt/homebrew/bin:$PATH\"\nfi\n\nCONFIG_PATH=\"${SRCROOT}/.swiftlint.yml\"\n\n# Prüfe, ob SwiftLint installiert ist\nif ! command -v swiftlint >/dev/null 2>&1; then\n    echo \"⚠️ SwiftLint ist nicht installiert. Siehe: https://github.com/realm/SwiftLint#installation\"\n    exit 0\nfi\n\n# Prüfe, ob Konfiguration vorhanden und lesbar ist\nif [[ ! -f \"$CONFIG_PATH\" || ! -r \"$CONFIG_PATH\" ]]; then\n    echo \"⚠️  .swiftlint.yml fehlt oder ist nicht lesbar – es wird mit der Standardkonfiguration gearbeitet\"\n    swiftlint lint || exit 1\nelse\n    echo \"✅ .swiftlint.yml gefunden – Linting beginnt…\"\n    swiftlint lint --config \"$CONFIG_PATH\" || exit 1\nfi\n\necho \"🎉 SwiftLint abgeschlossen! Gutes Coden, du Zauberwesen 🧚‍♀️\"\n";
		};
		D7A36E9A2DD791AD00C4CDD5 /* TODO MARKER Script */ = {
			isa = PBXShellScriptBuildPhase;
			alwaysOutOfDate = 1;
			buildActionMask = 2147483647;
			files = (
			);
			inputFileListPaths = (
			);
			inputPaths = (
			);
			name = "TODO MARKER Script";
			outputFileListPaths = (
			);
			outputPaths = (
			);
			runOnlyForDeploymentPostprocessing = 0;
			shellPath = /bin/sh;
			shellScript = "KEYWORDS=\"STUB:|WARNING:|TODO:|FIXME:|DevTeam:|\\?\\?\\?:\" \nfind \"${SRCROOT}\" \\( -name \"*.h\" -or -name \"*.m\" -or -name \"*.swift\" \\) -not -path \"${SRCROOT}/Pods/*\" -print0 | xargs -0 egrep --with-filename --line-number --only-matching \"($KEYWORDS).*\\$\" | perl -p -e \"s/($KEYWORDS)/1: warning: \\$1/\"\n\nKEYWORDS=\"ERROR:|XXX:|\\!\\!\\!:\" \nfind \"${SRCROOT}\" \\( -name \"*.h\" -or -name \"*.m\" -or -name \"*.swift\" \\) -not -path \"${SRCROOT}/Pods/*\" -print0 | xargs -0 egrep --with-filename --line-number --only-matching \"($KEYWORDS).*\\$\" | perl -p -e \"s/($KEYWORDS)/1: error: \\$1/\"\nERROR_OUTPUT=`find \"${SRCROOT}\" \\( -name \"*.h\" -or -name \"*.m\" -or -name \"*.swift\" \\) -not -path \"${SRCROOT}/Pods/*\" -print0 | xargs -0 egrep --with-filename --line-number --only-matching \"($KEYWORDS).*\\$\" | perl -p -e \"s/($KEYWORDS)/1: error: \\$1/\"`\n\nexit ${#ERROR_OUTPUT}\n";
		};
		D7A36E9B2DD791B900C4CDD5 /* TODO MARKER Script */ = {
			isa = PBXShellScriptBuildPhase;
			alwaysOutOfDate = 1;
			buildActionMask = 2147483647;
			files = (
			);
			inputFileListPaths = (
			);
			inputPaths = (
			);
			name = "TODO MARKER Script";
			outputFileListPaths = (
			);
			outputPaths = (
			);
			runOnlyForDeploymentPostprocessing = 0;
			shellPath = /bin/sh;
			shellScript = "KEYWORDS=\"STUB:|WARNING:|TODO:|FIXME:|DevTeam:|\\?\\?\\?:\" \nfind \"${SRCROOT}\" \\( -name \"*.h\" -or -name \"*.m\" -or -name \"*.swift\" \\) -not -path \"${SRCROOT}/Pods/*\" -print0 | xargs -0 egrep --with-filename --line-number --only-matching \"($KEYWORDS).*\\$\" | perl -p -e \"s/($KEYWORDS)/1: warning: \\$1/\"\n\nKEYWORDS=\"ERROR:|XXX:|\\!\\!\\!:\" \nfind \"${SRCROOT}\" \\( -name \"*.h\" -or -name \"*.m\" -or -name \"*.swift\" \\) -not -path \"${SRCROOT}/Pods/*\" -print0 | xargs -0 egrep --with-filename --line-number --only-matching \"($KEYWORDS).*\\$\" | perl -p -e \"s/($KEYWORDS)/1: error: \\$1/\"\nERROR_OUTPUT=`find \"${SRCROOT}\" \\( -name \"*.h\" -or -name \"*.m\" -or -name \"*.swift\" \\) -not -path \"${SRCROOT}/Pods/*\" -print0 | xargs -0 egrep --with-filename --line-number --only-matching \"($KEYWORDS).*\\$\" | perl -p -e \"s/($KEYWORDS)/1: error: \\$1/\"`\n\nexit ${#ERROR_OUTPUT}\n";
		};
/* End PBXShellScriptBuildPhase section */

/* Begin PBXSourcesBuildPhase section */
		D70508CB2DD786AC004E51F8 /* Sources */ = {
			isa = PBXSourcesBuildPhase;
			buildActionMask = 2147483647;
			files = (
			);
			runOnlyForDeploymentPostprocessing = 0;
		};
		D70508D62DD786B8004E51F8 /* Sources */ = {
			isa = PBXSourcesBuildPhase;
			buildActionMask = 2147483647;
			files = (
			);
			runOnlyForDeploymentPostprocessing = 0;
		};
		D79228562DFAD9F500BCD623 /* Sources */ = {
			isa = PBXSourcesBuildPhase;
			buildActionMask = 2147483647;
			files = (
				D779DC6A2E01844E0073DFA4 /* PerformanceTests.swift in Sources */,
				D70DCE982DFC5C4D009183A8 /* AssetTests.swift in Sources */,
				D714E3062E002B4800EB8809 /* ExtensionTests.swift in Sources */,
				D70DCE992DFC5C4D009183A8 /* AwardsTest.swift in Sources */,
				D70DCE9A2DFC5C4D009183A8 /* TagTests.swift in Sources */,
				D70DCE9B2DFC5C4D009183A8 /* UltimatePortfolioTests.swift in Sources */,
				D79563FD2DFD8248005FE487 /* DevelopmentTests.swift in Sources */,
			);
			runOnlyForDeploymentPostprocessing = 0;
		};
		D7A3A3132DBBB02400B3ACC3 /* Sources */ = {
			isa = PBXSourcesBuildPhase;
			buildActionMask = 2147483647;
			files = (
				D7E1A3DE2DF98B95001EEA27 /* Bundle-Decodable.swift in Sources */,
				D7E1A3DF2DF98B95001EEA27 /* Issue-CoreDataHelpers.swift in Sources */,
				D7E1A3E02DF98B95001EEA27 /* Tag-CoreDataHelpers.swift in Sources */,
				D7E1A3E12DF98B95001EEA27 /* AwardsView.swift in Sources */,
				D7E1A3E22DF98B95001EEA27 /* ContentView.swift in Sources */,
				D7E1A3E32DF98B95001EEA27 /* ContentViewToolbar.swift in Sources */,
				D78D0AF42E0EB66E0056F02E /* DataController-Notifications.swift in Sources */,
				D7E1A3E42DF98B95001EEA27 /* DetailView.swift in Sources */,
				D7E1A3E52DF98B95001EEA27 /* IssueView.swift in Sources */,
				D7E1A3E62DF98B95001EEA27 /* IssueViewToolbar.swift in Sources */,
				D7E1A3E72DF98B95001EEA27 /* NoIssueView.swift in Sources */,
				D7E1A3E82DF98B95001EEA27 /* SidebarView.swift in Sources */,
				D7BCAF7F2E0431F80054D6B3 /* SidebarViewModel.swift in Sources */,
				D73E62862E054AD200AF4383 /* ContentViewModel.swift in Sources */,
				D7E1A3E92DF98B95001EEA27 /* SidebarViewToolbar.swift in Sources */,
				D7E1A3EA2DF98B95001EEA27 /* SmartFilterRow.swift in Sources */,
				D7E1A3EB2DF98B95001EEA27 /* TagsMenuView.swift in Sources */,
				D7E1A3EC2DF98B95001EEA27 /* UserFilterRow.swift in Sources */,
				D7E1A3ED2DF98B95001EEA27 /* Award.swift in Sources */,
				D7E1A3EE2DF98B95001EEA27 /* DataController.swift in Sources */,
				D7E1A3EF2DF98B95001EEA27 /* Filter.swift in Sources */,
				D7E1A3F02DF98B95001EEA27 /* IssueRow.swift in Sources */,
				D7E1A3F12DF98B95001EEA27 /* Model.xcdatamodeld in Sources */,
				D7E1A3F22DF98B95001EEA27 /* UltimatePortfolioApp.swift in Sources */,
				D73E62882E054F7E00AF4383 /* IssueRowViewModel.swift in Sources */,
			);
			runOnlyForDeploymentPostprocessing = 0;
		};
		D7CCD2212E02CDD7004B081E /* Sources */ = {
			isa = PBXSourcesBuildPhase;
			buildActionMask = 2147483647;
			files = (
			);
			runOnlyForDeploymentPostprocessing = 0;
		};
/* End PBXSourcesBuildPhase section */

/* Begin PBXTargetDependency section */
		D792285F2DFAD9F500BCD623 /* PBXTargetDependency */ = {
			isa = PBXTargetDependency;
			target = D7A3A3162DBBB02400B3ACC3 /* UltimatePortfolio */;
			targetProxy = D792285E2DFAD9F500BCD623 /* PBXContainerItemProxy */;
		};
		D7CCD22C2E02CDD7004B081E /* PBXTargetDependency */ = {
			isa = PBXTargetDependency;
			target = D7A3A3162DBBB02400B3ACC3 /* UltimatePortfolio */;
			targetProxy = D7CCD22B2E02CDD7004B081E /* PBXContainerItemProxy */;
		};
/* End PBXTargetDependency section */

/* Begin PBXVariantGroup section */
		D7E1A3B12DF98B95001EEA27 /* Awards.json */ = {
			isa = PBXVariantGroup;
			children = (
				D7E1A3AF2DF98B95001EEA27 /* en */,
				D7E1A3B02DF98B95001EEA27 /* hu */,
			);
			name = Awards.json;
			sourceTree = "<group>";
		};
		D7E1A3CD2DF98B95001EEA27 /* Localizable.strings */ = {
			isa = PBXVariantGroup;
			children = (
				D7E1A3CB2DF98B95001EEA27 /* en */,
				D7E1A3CC2DF98B95001EEA27 /* hu */,
			);
			name = Localizable.strings;
			sourceTree = "<group>";
		};
		D7E1A3D02DF98B95001EEA27 /* Localizable.stringsdict */ = {
			isa = PBXVariantGroup;
			children = (
				D7E1A3CE2DF98B95001EEA27 /* en */,
				D7E1A3CF2DF98B95001EEA27 /* hu */,
			);
			name = Localizable.stringsdict;
			sourceTree = "<group>";
		};
/* End PBXVariantGroup section */

/* Begin XCBuildConfiguration section */
		D70508CF2DD786AC004E51F8 /* Debug */ = {
			isa = XCBuildConfiguration;
			buildSettings = {
				ASSETCATALOG_COMPILER_APPICON_NAME = AppIcon;
				ASSETCATALOG_COMPILER_GLOBAL_ACCENT_COLOR_NAME = AccentColor;
				CODE_SIGN_ENTITLEMENTS = UltimatePortfolio/Configuration/UltimatePortfolio.entitlements;
				CODE_SIGN_STYLE = Automatic;
				CURRENT_PROJECT_VERSION = 1;
				DEAD_CODE_STRIPPING = YES;
				DEVELOPMENT_TEAM = 4AZCM9652H;
				ENABLE_HARDENED_RUNTIME = YES;
				ENABLE_PREVIEWS = YES;
				ENABLE_USER_SCRIPT_SANDBOXING = NO;
				GENERATE_INFOPLIST_FILE = YES;
				INFOPLIST_FILE = UltimatePortfolio/Configuration/Info.plist;
				"INFOPLIST_KEY_UIApplicationSceneManifest_Generation[sdk=iphoneos*]" = YES;
				"INFOPLIST_KEY_UIApplicationSceneManifest_Generation[sdk=iphonesimulator*]" = YES;
				"INFOPLIST_KEY_UIApplicationSupportsIndirectInputEvents[sdk=iphoneos*]" = YES;
				"INFOPLIST_KEY_UIApplicationSupportsIndirectInputEvents[sdk=iphonesimulator*]" = YES;
				"INFOPLIST_KEY_UILaunchScreen_Generation[sdk=iphoneos*]" = YES;
				"INFOPLIST_KEY_UILaunchScreen_Generation[sdk=iphonesimulator*]" = YES;
				"INFOPLIST_KEY_UIStatusBarStyle[sdk=iphoneos*]" = UIStatusBarStyleDefault;
				"INFOPLIST_KEY_UIStatusBarStyle[sdk=iphonesimulator*]" = UIStatusBarStyleDefault;
				INFOPLIST_KEY_UISupportedInterfaceOrientations_iPad = "UIInterfaceOrientationPortrait UIInterfaceOrientationPortraitUpsideDown UIInterfaceOrientationLandscapeLeft UIInterfaceOrientationLandscapeRight";
				INFOPLIST_KEY_UISupportedInterfaceOrientations_iPhone = "UIInterfaceOrientationPortrait UIInterfaceOrientationLandscapeLeft UIInterfaceOrientationLandscapeRight";
				IPHONEOS_DEPLOYMENT_TARGET = 16.6;
				LD_RUNPATH_SEARCH_PATHS = "@executable_path/Frameworks";
				"LD_RUNPATH_SEARCH_PATHS[sdk=macosx*]" = "@executable_path/../Frameworks";
				MACOSX_DEPLOYMENT_TARGET = 15.4;
				MARKETING_VERSION = 1.0;
				PRODUCT_BUNDLE_IDENTIFIER = de.robert.welz.UltimatePortfolio;
				PRODUCT_NAME = "$(TARGET_NAME)";
				REGISTER_APP_GROUPS = YES;
				SDKROOT = auto;
				SUPPORTED_PLATFORMS = "iphoneos iphonesimulator macosx xros xrsimulator";
				SWIFT_EMIT_LOC_STRINGS = YES;
				SWIFT_VERSION = 5.0;
				TARGETED_DEVICE_FAMILY = "1,2,7";
				XROS_DEPLOYMENT_TARGET = 2.4;
			};
			name = Debug;
		};
		D70508D02DD786AC004E51F8 /* Release */ = {
			isa = XCBuildConfiguration;
			buildSettings = {
				ASSETCATALOG_COMPILER_APPICON_NAME = AppIcon;
				ASSETCATALOG_COMPILER_GLOBAL_ACCENT_COLOR_NAME = AccentColor;
				CODE_SIGN_ENTITLEMENTS = UltimatePortfolio/Configuration/UltimatePortfolio.entitlements;
				CODE_SIGN_STYLE = Automatic;
				CURRENT_PROJECT_VERSION = 1;
				DEAD_CODE_STRIPPING = YES;
				DEVELOPMENT_TEAM = 4AZCM9652H;
				ENABLE_HARDENED_RUNTIME = YES;
				ENABLE_PREVIEWS = YES;
				ENABLE_USER_SCRIPT_SANDBOXING = NO;
				GENERATE_INFOPLIST_FILE = YES;
				INFOPLIST_FILE = UltimatePortfolio/Configuration/Info.plist;
				"INFOPLIST_KEY_UIApplicationSceneManifest_Generation[sdk=iphoneos*]" = YES;
				"INFOPLIST_KEY_UIApplicationSceneManifest_Generation[sdk=iphonesimulator*]" = YES;
				"INFOPLIST_KEY_UIApplicationSupportsIndirectInputEvents[sdk=iphoneos*]" = YES;
				"INFOPLIST_KEY_UIApplicationSupportsIndirectInputEvents[sdk=iphonesimulator*]" = YES;
				"INFOPLIST_KEY_UILaunchScreen_Generation[sdk=iphoneos*]" = YES;
				"INFOPLIST_KEY_UILaunchScreen_Generation[sdk=iphonesimulator*]" = YES;
				"INFOPLIST_KEY_UIStatusBarStyle[sdk=iphoneos*]" = UIStatusBarStyleDefault;
				"INFOPLIST_KEY_UIStatusBarStyle[sdk=iphonesimulator*]" = UIStatusBarStyleDefault;
				INFOPLIST_KEY_UISupportedInterfaceOrientations_iPad = "UIInterfaceOrientationPortrait UIInterfaceOrientationPortraitUpsideDown UIInterfaceOrientationLandscapeLeft UIInterfaceOrientationLandscapeRight";
				INFOPLIST_KEY_UISupportedInterfaceOrientations_iPhone = "UIInterfaceOrientationPortrait UIInterfaceOrientationLandscapeLeft UIInterfaceOrientationLandscapeRight";
				IPHONEOS_DEPLOYMENT_TARGET = 16.6;
				LD_RUNPATH_SEARCH_PATHS = "@executable_path/Frameworks";
				"LD_RUNPATH_SEARCH_PATHS[sdk=macosx*]" = "@executable_path/../Frameworks";
				MACOSX_DEPLOYMENT_TARGET = 15.4;
				MARKETING_VERSION = 1.0;
				PRODUCT_BUNDLE_IDENTIFIER = de.robert.welz.UltimatePortfolio;
				PRODUCT_NAME = "$(TARGET_NAME)";
				REGISTER_APP_GROUPS = YES;
				SDKROOT = auto;
				SUPPORTED_PLATFORMS = "iphoneos iphonesimulator macosx xros xrsimulator";
				SWIFT_EMIT_LOC_STRINGS = YES;
				SWIFT_VERSION = 5.0;
				TARGETED_DEVICE_FAMILY = "1,2,7";
				XROS_DEPLOYMENT_TARGET = 2.4;
			};
			name = Release;
		};
		D70508DA2DD786B8004E51F8 /* Debug */ = {
			isa = XCBuildConfiguration;
			buildSettings = {
				ASSETCATALOG_COMPILER_APPICON_NAME = AppIcon;
				ASSETCATALOG_COMPILER_GLOBAL_ACCENT_COLOR_NAME = AccentColor;
				CODE_SIGN_ENTITLEMENTS = UltimatePortfolio/Configuration/UltimatePortfolio.entitlements;
				CODE_SIGN_STYLE = Automatic;
				CURRENT_PROJECT_VERSION = 1;
				DEAD_CODE_STRIPPING = YES;
				DEVELOPMENT_TEAM = 4AZCM9652H;
				ENABLE_HARDENED_RUNTIME = YES;
				ENABLE_PREVIEWS = YES;
				ENABLE_USER_SCRIPT_SANDBOXING = NO;
				GENERATE_INFOPLIST_FILE = YES;
				INFOPLIST_FILE = UltimatePortfolio/Configuration/Info.plist;
				"INFOPLIST_KEY_UIApplicationSceneManifest_Generation[sdk=iphoneos*]" = YES;
				"INFOPLIST_KEY_UIApplicationSceneManifest_Generation[sdk=iphonesimulator*]" = YES;
				"INFOPLIST_KEY_UIApplicationSupportsIndirectInputEvents[sdk=iphoneos*]" = YES;
				"INFOPLIST_KEY_UIApplicationSupportsIndirectInputEvents[sdk=iphonesimulator*]" = YES;
				"INFOPLIST_KEY_UILaunchScreen_Generation[sdk=iphoneos*]" = YES;
				"INFOPLIST_KEY_UILaunchScreen_Generation[sdk=iphonesimulator*]" = YES;
				"INFOPLIST_KEY_UIStatusBarStyle[sdk=iphoneos*]" = UIStatusBarStyleDefault;
				"INFOPLIST_KEY_UIStatusBarStyle[sdk=iphonesimulator*]" = UIStatusBarStyleDefault;
				INFOPLIST_KEY_UISupportedInterfaceOrientations_iPad = "UIInterfaceOrientationPortrait UIInterfaceOrientationPortraitUpsideDown UIInterfaceOrientationLandscapeLeft UIInterfaceOrientationLandscapeRight";
				INFOPLIST_KEY_UISupportedInterfaceOrientations_iPhone = "UIInterfaceOrientationPortrait UIInterfaceOrientationLandscapeLeft UIInterfaceOrientationLandscapeRight";
				IPHONEOS_DEPLOYMENT_TARGET = 16.6;
				LD_RUNPATH_SEARCH_PATHS = "@executable_path/Frameworks";
				"LD_RUNPATH_SEARCH_PATHS[sdk=macosx*]" = "@executable_path/../Frameworks";
				MACOSX_DEPLOYMENT_TARGET = 15.4;
				MARKETING_VERSION = 1.0;
				PRODUCT_BUNDLE_IDENTIFIER = de.robert.welz.UltimatePortfolio;
				PRODUCT_NAME = "$(TARGET_NAME)";
				REGISTER_APP_GROUPS = YES;
				SDKROOT = auto;
				SUPPORTED_PLATFORMS = "iphoneos iphonesimulator macosx xros xrsimulator";
				SWIFT_EMIT_LOC_STRINGS = YES;
				SWIFT_VERSION = 5.0;
				TARGETED_DEVICE_FAMILY = "1,2,7";
				XROS_DEPLOYMENT_TARGET = 2.4;
			};
			name = Debug;
		};
		D70508DB2DD786B8004E51F8 /* Release */ = {
			isa = XCBuildConfiguration;
			buildSettings = {
				ASSETCATALOG_COMPILER_APPICON_NAME = AppIcon;
				ASSETCATALOG_COMPILER_GLOBAL_ACCENT_COLOR_NAME = AccentColor;
				CODE_SIGN_ENTITLEMENTS = UltimatePortfolio/Configuration/UltimatePortfolio.entitlements;
				CODE_SIGN_STYLE = Automatic;
				CURRENT_PROJECT_VERSION = 1;
				DEAD_CODE_STRIPPING = YES;
				DEVELOPMENT_TEAM = 4AZCM9652H;
				ENABLE_HARDENED_RUNTIME = YES;
				ENABLE_PREVIEWS = YES;
				ENABLE_USER_SCRIPT_SANDBOXING = NO;
				GENERATE_INFOPLIST_FILE = YES;
				INFOPLIST_FILE = UltimatePortfolio/Configuration/Info.plist;
				"INFOPLIST_KEY_UIApplicationSceneManifest_Generation[sdk=iphoneos*]" = YES;
				"INFOPLIST_KEY_UIApplicationSceneManifest_Generation[sdk=iphonesimulator*]" = YES;
				"INFOPLIST_KEY_UIApplicationSupportsIndirectInputEvents[sdk=iphoneos*]" = YES;
				"INFOPLIST_KEY_UIApplicationSupportsIndirectInputEvents[sdk=iphonesimulator*]" = YES;
				"INFOPLIST_KEY_UILaunchScreen_Generation[sdk=iphoneos*]" = YES;
				"INFOPLIST_KEY_UILaunchScreen_Generation[sdk=iphonesimulator*]" = YES;
				"INFOPLIST_KEY_UIStatusBarStyle[sdk=iphoneos*]" = UIStatusBarStyleDefault;
				"INFOPLIST_KEY_UIStatusBarStyle[sdk=iphonesimulator*]" = UIStatusBarStyleDefault;
				INFOPLIST_KEY_UISupportedInterfaceOrientations_iPad = "UIInterfaceOrientationPortrait UIInterfaceOrientationPortraitUpsideDown UIInterfaceOrientationLandscapeLeft UIInterfaceOrientationLandscapeRight";
				INFOPLIST_KEY_UISupportedInterfaceOrientations_iPhone = "UIInterfaceOrientationPortrait UIInterfaceOrientationLandscapeLeft UIInterfaceOrientationLandscapeRight";
				IPHONEOS_DEPLOYMENT_TARGET = 16.6;
				LD_RUNPATH_SEARCH_PATHS = "@executable_path/Frameworks";
				"LD_RUNPATH_SEARCH_PATHS[sdk=macosx*]" = "@executable_path/../Frameworks";
				MACOSX_DEPLOYMENT_TARGET = 15.4;
				MARKETING_VERSION = 1.0;
				PRODUCT_BUNDLE_IDENTIFIER = de.robert.welz.UltimatePortfolio;
				PRODUCT_NAME = "$(TARGET_NAME)";
				REGISTER_APP_GROUPS = YES;
				SDKROOT = auto;
				SUPPORTED_PLATFORMS = "iphoneos iphonesimulator macosx xros xrsimulator";
				SWIFT_EMIT_LOC_STRINGS = YES;
				SWIFT_VERSION = 5.0;
				TARGETED_DEVICE_FAMILY = "1,2,7";
				XROS_DEPLOYMENT_TARGET = 2.4;
			};
			name = Release;
		};
		D79228602DFAD9F500BCD623 /* Debug */ = {
			isa = XCBuildConfiguration;
			buildSettings = {
				BUNDLE_LOADER = "$(TEST_HOST)";
				CODE_SIGN_STYLE = Automatic;
				CURRENT_PROJECT_VERSION = 1;
				DEVELOPMENT_TEAM = 4AZCM9652H;
				GENERATE_INFOPLIST_FILE = YES;
				IPHONEOS_DEPLOYMENT_TARGET = 18.5;
				MARKETING_VERSION = 1.0;
				PRODUCT_BUNDLE_IDENTIFIER = de.robert.welz.UltimatePortfolioTests;
				PRODUCT_NAME = "$(TARGET_NAME)";
				SDKROOT = iphoneos;
				SWIFT_EMIT_LOC_STRINGS = NO;
				SWIFT_VERSION = 5.0;
				TARGETED_DEVICE_FAMILY = "1,2";
				TEST_HOST = "$(BUILT_PRODUCTS_DIR)/UltimatePortfolio.app/$(BUNDLE_EXECUTABLE_FOLDER_PATH)/UltimatePortfolio";
			};
			name = Debug;
		};
		D79228612DFAD9F500BCD623 /* Release */ = {
			isa = XCBuildConfiguration;
			buildSettings = {
				BUNDLE_LOADER = "$(TEST_HOST)";
				CODE_SIGN_STYLE = Automatic;
				CURRENT_PROJECT_VERSION = 1;
				DEVELOPMENT_TEAM = 4AZCM9652H;
				GENERATE_INFOPLIST_FILE = YES;
				IPHONEOS_DEPLOYMENT_TARGET = 18.5;
				MARKETING_VERSION = 1.0;
				PRODUCT_BUNDLE_IDENTIFIER = de.robert.welz.UltimatePortfolioTests;
				PRODUCT_NAME = "$(TARGET_NAME)";
				SDKROOT = iphoneos;
				SWIFT_EMIT_LOC_STRINGS = NO;
				SWIFT_VERSION = 5.0;
				TARGETED_DEVICE_FAMILY = "1,2";
				TEST_HOST = "$(BUILT_PRODUCTS_DIR)/UltimatePortfolio.app/$(BUNDLE_EXECUTABLE_FOLDER_PATH)/UltimatePortfolio";
				VALIDATE_PRODUCT = YES;
			};
			name = Release;
		};
		D7A3A3212DBBB02600B3ACC3 /* Debug */ = {
			isa = XCBuildConfiguration;
			buildSettings = {
				ALWAYS_SEARCH_USER_PATHS = NO;
				ASSETCATALOG_COMPILER_GENERATE_SWIFT_ASSET_SYMBOL_EXTENSIONS = YES;
				CLANG_ANALYZER_LOCALIZABILITY_NONLOCALIZED = YES;
				CLANG_ANALYZER_NONNULL = YES;
				CLANG_ANALYZER_NUMBER_OBJECT_CONVERSION = YES_AGGRESSIVE;
				CLANG_CXX_LANGUAGE_STANDARD = "gnu++20";
				CLANG_ENABLE_MODULES = YES;
				CLANG_ENABLE_OBJC_ARC = YES;
				CLANG_ENABLE_OBJC_WEAK = YES;
				CLANG_WARN_BLOCK_CAPTURE_AUTORELEASING = YES;
				CLANG_WARN_BOOL_CONVERSION = YES;
				CLANG_WARN_COMMA = YES;
				CLANG_WARN_CONSTANT_CONVERSION = YES;
				CLANG_WARN_DEPRECATED_OBJC_IMPLEMENTATIONS = YES;
				CLANG_WARN_DIRECT_OBJC_ISA_USAGE = YES_ERROR;
				CLANG_WARN_DOCUMENTATION_COMMENTS = YES;
				CLANG_WARN_EMPTY_BODY = YES;
				CLANG_WARN_ENUM_CONVERSION = YES;
				CLANG_WARN_INFINITE_RECURSION = YES;
				CLANG_WARN_INT_CONVERSION = YES;
				CLANG_WARN_NON_LITERAL_NULL_CONVERSION = YES;
				CLANG_WARN_OBJC_IMPLICIT_RETAIN_SELF = YES;
				CLANG_WARN_OBJC_LITERAL_CONVERSION = YES;
				CLANG_WARN_OBJC_ROOT_CLASS = YES_ERROR;
				CLANG_WARN_QUOTED_INCLUDE_IN_FRAMEWORK_HEADER = YES;
				CLANG_WARN_RANGE_LOOP_ANALYSIS = YES;
				CLANG_WARN_STRICT_PROTOTYPES = YES;
				CLANG_WARN_SUSPICIOUS_MOVE = YES;
				CLANG_WARN_UNGUARDED_AVAILABILITY = YES_AGGRESSIVE;
				CLANG_WARN_UNREACHABLE_CODE = YES;
				CLANG_WARN__DUPLICATE_METHOD_MATCH = YES;
				COPY_PHASE_STRIP = NO;
				DEAD_CODE_STRIPPING = YES;
				DEBUG_INFORMATION_FORMAT = dwarf;
				DEVELOPMENT_TEAM = 4AZCM9652H;
				ENABLE_STRICT_OBJC_MSGSEND = YES;
				ENABLE_TESTABILITY = YES;
				ENABLE_USER_SCRIPT_SANDBOXING = YES;
				GCC_C_LANGUAGE_STANDARD = gnu17;
				GCC_DYNAMIC_NO_PIC = NO;
				GCC_NO_COMMON_BLOCKS = YES;
				GCC_OPTIMIZATION_LEVEL = 0;
				GCC_PREPROCESSOR_DEFINITIONS = (
					"DEBUG=1",
					"$(inherited)",
				);
				GCC_WARN_64_TO_32_BIT_CONVERSION = YES;
				GCC_WARN_ABOUT_RETURN_TYPE = YES_ERROR;
				GCC_WARN_UNDECLARED_SELECTOR = YES;
				GCC_WARN_UNINITIALIZED_AUTOS = YES_AGGRESSIVE;
				GCC_WARN_UNUSED_FUNCTION = YES;
				GCC_WARN_UNUSED_VARIABLE = YES;
				LOCALIZATION_PREFERS_STRING_CATALOGS = YES;
				MTL_ENABLE_DEBUG_INFO = INCLUDE_SOURCE;
				MTL_FAST_MATH = YES;
				ONLY_ACTIVE_ARCH = YES;
				SWIFT_ACTIVE_COMPILATION_CONDITIONS = "DEBUG $(inherited)";
				SWIFT_OPTIMIZATION_LEVEL = "-Onone";
			};
			name = Debug;
		};
		D7A3A3222DBBB02600B3ACC3 /* Release */ = {
			isa = XCBuildConfiguration;
			buildSettings = {
				ALWAYS_SEARCH_USER_PATHS = NO;
				ASSETCATALOG_COMPILER_GENERATE_SWIFT_ASSET_SYMBOL_EXTENSIONS = YES;
				CLANG_ANALYZER_LOCALIZABILITY_NONLOCALIZED = YES;
				CLANG_ANALYZER_NONNULL = YES;
				CLANG_ANALYZER_NUMBER_OBJECT_CONVERSION = YES_AGGRESSIVE;
				CLANG_CXX_LANGUAGE_STANDARD = "gnu++20";
				CLANG_ENABLE_MODULES = YES;
				CLANG_ENABLE_OBJC_ARC = YES;
				CLANG_ENABLE_OBJC_WEAK = YES;
				CLANG_WARN_BLOCK_CAPTURE_AUTORELEASING = YES;
				CLANG_WARN_BOOL_CONVERSION = YES;
				CLANG_WARN_COMMA = YES;
				CLANG_WARN_CONSTANT_CONVERSION = YES;
				CLANG_WARN_DEPRECATED_OBJC_IMPLEMENTATIONS = YES;
				CLANG_WARN_DIRECT_OBJC_ISA_USAGE = YES_ERROR;
				CLANG_WARN_DOCUMENTATION_COMMENTS = YES;
				CLANG_WARN_EMPTY_BODY = YES;
				CLANG_WARN_ENUM_CONVERSION = YES;
				CLANG_WARN_INFINITE_RECURSION = YES;
				CLANG_WARN_INT_CONVERSION = YES;
				CLANG_WARN_NON_LITERAL_NULL_CONVERSION = YES;
				CLANG_WARN_OBJC_IMPLICIT_RETAIN_SELF = YES;
				CLANG_WARN_OBJC_LITERAL_CONVERSION = YES;
				CLANG_WARN_OBJC_ROOT_CLASS = YES_ERROR;
				CLANG_WARN_QUOTED_INCLUDE_IN_FRAMEWORK_HEADER = YES;
				CLANG_WARN_RANGE_LOOP_ANALYSIS = YES;
				CLANG_WARN_STRICT_PROTOTYPES = YES;
				CLANG_WARN_SUSPICIOUS_MOVE = YES;
				CLANG_WARN_UNGUARDED_AVAILABILITY = YES_AGGRESSIVE;
				CLANG_WARN_UNREACHABLE_CODE = YES;
				CLANG_WARN__DUPLICATE_METHOD_MATCH = YES;
				COPY_PHASE_STRIP = NO;
				DEAD_CODE_STRIPPING = YES;
				DEBUG_INFORMATION_FORMAT = "dwarf-with-dsym";
				DEVELOPMENT_TEAM = 4AZCM9652H;
				ENABLE_NS_ASSERTIONS = NO;
				ENABLE_STRICT_OBJC_MSGSEND = YES;
				ENABLE_USER_SCRIPT_SANDBOXING = YES;
				GCC_C_LANGUAGE_STANDARD = gnu17;
				GCC_NO_COMMON_BLOCKS = YES;
				GCC_WARN_64_TO_32_BIT_CONVERSION = YES;
				GCC_WARN_ABOUT_RETURN_TYPE = YES_ERROR;
				GCC_WARN_UNDECLARED_SELECTOR = YES;
				GCC_WARN_UNINITIALIZED_AUTOS = YES_AGGRESSIVE;
				GCC_WARN_UNUSED_FUNCTION = YES;
				GCC_WARN_UNUSED_VARIABLE = YES;
				LOCALIZATION_PREFERS_STRING_CATALOGS = YES;
				MTL_ENABLE_DEBUG_INFO = NO;
				MTL_FAST_MATH = YES;
				SWIFT_COMPILATION_MODE = wholemodule;
			};
			name = Release;
		};
		D7A3A3242DBBB02600B3ACC3 /* Debug */ = {
			isa = XCBuildConfiguration;
			buildSettings = {
				ASSETCATALOG_COMPILER_APPICON_NAME = AppIcon;
				ASSETCATALOG_COMPILER_GENERATE_ASSET_SYMBOLS = NO;
				ASSETCATALOG_COMPILER_GLOBAL_ACCENT_COLOR_NAME = AccentColor;
				CODE_SIGN_ENTITLEMENTS = UltimatePortfolio/Configuration/UltimatePortfolio.entitlements;
				CODE_SIGN_STYLE = Automatic;
				CURRENT_PROJECT_VERSION = 1;
				DEAD_CODE_STRIPPING = YES;
				DEVELOPMENT_TEAM = 4AZCM9652H;
				ENABLE_HARDENED_RUNTIME = YES;
				ENABLE_PREVIEWS = YES;
				ENABLE_USER_SCRIPT_SANDBOXING = NO;
				GENERATE_INFOPLIST_FILE = YES;
				INFOPLIST_FILE = UltimatePortfolio/Configuration/Info.plist;
				"INFOPLIST_KEY_UIApplicationSceneManifest_Generation[sdk=iphoneos*]" = YES;
				"INFOPLIST_KEY_UIApplicationSceneManifest_Generation[sdk=iphonesimulator*]" = YES;
				"INFOPLIST_KEY_UIApplicationSupportsIndirectInputEvents[sdk=iphoneos*]" = YES;
				"INFOPLIST_KEY_UIApplicationSupportsIndirectInputEvents[sdk=iphonesimulator*]" = YES;
				"INFOPLIST_KEY_UILaunchScreen_Generation[sdk=iphoneos*]" = YES;
				"INFOPLIST_KEY_UILaunchScreen_Generation[sdk=iphonesimulator*]" = YES;
				"INFOPLIST_KEY_UIStatusBarStyle[sdk=iphoneos*]" = UIStatusBarStyleDefault;
				"INFOPLIST_KEY_UIStatusBarStyle[sdk=iphonesimulator*]" = UIStatusBarStyleDefault;
				INFOPLIST_KEY_UISupportedInterfaceOrientations = UIInterfaceOrientationPortrait;
				INFOPLIST_KEY_UISupportedInterfaceOrientations_iPad = "UIInterfaceOrientationLandscapeLeft UIInterfaceOrientationLandscapeRight UIInterfaceOrientationPortrait UIInterfaceOrientationPortraitUpsideDown";
				IPHONEOS_DEPLOYMENT_TARGET = 16.2;
				LD_RUNPATH_SEARCH_PATHS = "@executable_path/Frameworks";
				"LD_RUNPATH_SEARCH_PATHS[sdk=macosx*]" = "@executable_path/../Frameworks";
				MACOSX_DEPLOYMENT_TARGET = 15.4;
				MARKETING_VERSION = 1.0;
				PRODUCT_BUNDLE_IDENTIFIER = de.robert.welz.UltimatePortfolio;
				PRODUCT_NAME = "$(TARGET_NAME)";
				REGISTER_APP_GROUPS = YES;
				SDKROOT = auto;
				SUPPORTED_PLATFORMS = "iphoneos iphonesimulator macosx xros xrsimulator";
				SWIFT_EMIT_LOC_STRINGS = YES;
				SWIFT_VERSION = 5.0;
				TARGETED_DEVICE_FAMILY = "1,2,7";
				XROS_DEPLOYMENT_TARGET = 2.4;
			};
			name = Debug;
		};
		D7A3A3252DBBB02600B3ACC3 /* Release */ = {
			isa = XCBuildConfiguration;
			buildSettings = {
				ASSETCATALOG_COMPILER_APPICON_NAME = AppIcon;
				ASSETCATALOG_COMPILER_GENERATE_ASSET_SYMBOLS = NO;
				ASSETCATALOG_COMPILER_GLOBAL_ACCENT_COLOR_NAME = AccentColor;
				CODE_SIGN_ENTITLEMENTS = UltimatePortfolio/Configuration/UltimatePortfolio.entitlements;
				CODE_SIGN_STYLE = Automatic;
				CURRENT_PROJECT_VERSION = 1;
				DEAD_CODE_STRIPPING = YES;
				DEVELOPMENT_TEAM = 4AZCM9652H;
				ENABLE_HARDENED_RUNTIME = YES;
				ENABLE_PREVIEWS = YES;
				ENABLE_USER_SCRIPT_SANDBOXING = NO;
				GENERATE_INFOPLIST_FILE = YES;
				INFOPLIST_FILE = UltimatePortfolio/Configuration/Info.plist;
				"INFOPLIST_KEY_UIApplicationSceneManifest_Generation[sdk=iphoneos*]" = YES;
				"INFOPLIST_KEY_UIApplicationSceneManifest_Generation[sdk=iphonesimulator*]" = YES;
				"INFOPLIST_KEY_UIApplicationSupportsIndirectInputEvents[sdk=iphoneos*]" = YES;
				"INFOPLIST_KEY_UIApplicationSupportsIndirectInputEvents[sdk=iphonesimulator*]" = YES;
				"INFOPLIST_KEY_UILaunchScreen_Generation[sdk=iphoneos*]" = YES;
				"INFOPLIST_KEY_UILaunchScreen_Generation[sdk=iphonesimulator*]" = YES;
				"INFOPLIST_KEY_UIStatusBarStyle[sdk=iphoneos*]" = UIStatusBarStyleDefault;
				"INFOPLIST_KEY_UIStatusBarStyle[sdk=iphonesimulator*]" = UIStatusBarStyleDefault;
				INFOPLIST_KEY_UISupportedInterfaceOrientations = UIInterfaceOrientationPortrait;
				INFOPLIST_KEY_UISupportedInterfaceOrientations_iPad = "UIInterfaceOrientationLandscapeLeft UIInterfaceOrientationLandscapeRight UIInterfaceOrientationPortrait UIInterfaceOrientationPortraitUpsideDown";
				IPHONEOS_DEPLOYMENT_TARGET = 16.2;
				LD_RUNPATH_SEARCH_PATHS = "@executable_path/Frameworks";
				"LD_RUNPATH_SEARCH_PATHS[sdk=macosx*]" = "@executable_path/../Frameworks";
				MACOSX_DEPLOYMENT_TARGET = 15.4;
				MARKETING_VERSION = 1.0;
				PRODUCT_BUNDLE_IDENTIFIER = de.robert.welz.UltimatePortfolio;
				PRODUCT_NAME = "$(TARGET_NAME)";
				REGISTER_APP_GROUPS = YES;
				SDKROOT = auto;
				SUPPORTED_PLATFORMS = "iphoneos iphonesimulator macosx xros xrsimulator";
				SWIFT_EMIT_LOC_STRINGS = YES;
				SWIFT_VERSION = 5.0;
				TARGETED_DEVICE_FAMILY = "1,2,7";
				XROS_DEPLOYMENT_TARGET = 2.4;
			};
			name = Release;
		};
		D7CCD22D2E02CDD7004B081E /* Debug */ = {
			isa = XCBuildConfiguration;
			buildSettings = {
				CODE_SIGN_STYLE = Automatic;
				CURRENT_PROJECT_VERSION = 1;
				DEVELOPMENT_TEAM = 4AZCM9652H;
				GENERATE_INFOPLIST_FILE = YES;
				IPHONEOS_DEPLOYMENT_TARGET = 18.5;
				MARKETING_VERSION = 1.0;
				PRODUCT_BUNDLE_IDENTIFIER = de.robert.welz.UltimatePortfolioUITests;
				PRODUCT_NAME = "$(TARGET_NAME)";
				SDKROOT = iphoneos;
				SWIFT_EMIT_LOC_STRINGS = NO;
				SWIFT_VERSION = 5.0;
				TARGETED_DEVICE_FAMILY = "1,2";
				TEST_TARGET_NAME = UltimatePortfolio;
			};
			name = Debug;
		};
		D7CCD22E2E02CDD7004B081E /* Release */ = {
			isa = XCBuildConfiguration;
			buildSettings = {
				CODE_SIGN_STYLE = Automatic;
				CURRENT_PROJECT_VERSION = 1;
				DEVELOPMENT_TEAM = 4AZCM9652H;
				GENERATE_INFOPLIST_FILE = YES;
				IPHONEOS_DEPLOYMENT_TARGET = 18.5;
				MARKETING_VERSION = 1.0;
				PRODUCT_BUNDLE_IDENTIFIER = de.robert.welz.UltimatePortfolioUITests;
				PRODUCT_NAME = "$(TARGET_NAME)";
				SDKROOT = iphoneos;
				SWIFT_EMIT_LOC_STRINGS = NO;
				SWIFT_VERSION = 5.0;
				TARGETED_DEVICE_FAMILY = "1,2";
				TEST_TARGET_NAME = UltimatePortfolio;
				VALIDATE_PRODUCT = YES;
			};
			name = Release;
		};
/* End XCBuildConfiguration section */

/* Begin XCConfigurationList section */
		D70508CE2DD786AC004E51F8 /* Build configuration list for PBXNativeTarget "swiftlint lint" */ = {
			isa = XCConfigurationList;
			buildConfigurations = (
				D70508CF2DD786AC004E51F8 /* Debug */,
				D70508D02DD786AC004E51F8 /* Release */,
			);
			defaultConfigurationIsVisible = 0;
			defaultConfigurationName = Release;
		};
		D70508D92DD786B8004E51F8 /* Build configuration list for PBXNativeTarget "swiftlint lint --fix" */ = {
			isa = XCConfigurationList;
			buildConfigurations = (
				D70508DA2DD786B8004E51F8 /* Debug */,
				D70508DB2DD786B8004E51F8 /* Release */,
			);
			defaultConfigurationIsVisible = 0;
			defaultConfigurationName = Release;
		};
		D79228622DFAD9F500BCD623 /* Build configuration list for PBXNativeTarget "UltimatePortfolioTests" */ = {
			isa = XCConfigurationList;
			buildConfigurations = (
				D79228602DFAD9F500BCD623 /* Debug */,
				D79228612DFAD9F500BCD623 /* Release */,
			);
			defaultConfigurationIsVisible = 0;
			defaultConfigurationName = Release;
		};
		D7A3A3122DBBB02400B3ACC3 /* Build configuration list for PBXProject "UltimatePortfolio" */ = {
			isa = XCConfigurationList;
			buildConfigurations = (
				D7A3A3212DBBB02600B3ACC3 /* Debug */,
				D7A3A3222DBBB02600B3ACC3 /* Release */,
			);
			defaultConfigurationIsVisible = 0;
			defaultConfigurationName = Release;
		};
		D7A3A3232DBBB02600B3ACC3 /* Build configuration list for PBXNativeTarget "UltimatePortfolio" */ = {
			isa = XCConfigurationList;
			buildConfigurations = (
				D7A3A3242DBBB02600B3ACC3 /* Debug */,
				D7A3A3252DBBB02600B3ACC3 /* Release */,
			);
			defaultConfigurationIsVisible = 0;
			defaultConfigurationName = Release;
		};
		D7CCD22F2E02CDD7004B081E /* Build configuration list for PBXNativeTarget "UltimatePortfolioUITests" */ = {
			isa = XCConfigurationList;
			buildConfigurations = (
				D7CCD22D2E02CDD7004B081E /* Debug */,
				D7CCD22E2E02CDD7004B081E /* Release */,
			);
			defaultConfigurationIsVisible = 0;
			defaultConfigurationName = Release;
		};
/* End XCConfigurationList section */

/* Begin XCVersionGroup section */
		D7E1A3D12DF98B95001EEA27 /* Model.xcdatamodeld */ = {
			isa = XCVersionGroup;
			children = (
				D7E1A3D62DF98B95001EEA27 /* Model.xcdatamodel */,
			);
			currentVersion = D7E1A3D62DF98B95001EEA27 /* Model.xcdatamodel */;
			path = Model.xcdatamodeld;
			sourceTree = "<group>";
			versionGroupType = wrapper.xcdatamodel;
		};
/* End XCVersionGroup section */
	};
	rootObject = D7A3A30F2DBBB02400B3ACC3 /* Project object */;
}
